{
	"name": "facial-recognition-webapp",
	"version": "1.0.0",
	"lockfileVersion": 3,
	"requires": true,
	"packages": {
		"": {
			"name": "facial-recognition-webapp",
			"version": "1.0.0",
			"license": "ISC",
			"devDependencies": {
				"debounce": "^1.2.1",
				"hound": "^1.0.5"
			}
		},
		"node_modules/debounce": {
			"version": "1.2.1",
			"resolved": "https://registry.npmjs.org/debounce/-/debounce-1.2.1.tgz",
			"integrity": "sha512-XRRe6Glud4rd/ZGQfiV1ruXSfbvfJedlV9Y6zOlP+2K04vBYiJEte6stfFkCP03aMnY5tsipamumUjL14fofug==",
			"dev": true
		},
		"node_modules/hound": {
			"version": "1.0.5",
			"resolved": "https://registry.npmjs.org/hound/-/hound-1.0.5.tgz",
			"integrity": "sha512-XlR+pqWj9BeiHQUS03HX9Pnb32+pgbrFxoSYhl+atrs25GHIrZU4gvKe426pJripJWZFCkvZv6aLTzZvas0Tug==",
			"dev": true,
			"engines": {
				"node": ">=0.7.1"
			}
		}
	}
}
